
Microsoft Visual Studio Solution File, Format Version 12.00
# Visual Studio Version 17
VisualStudioVersion = 17.14.36310.24 d17.14
MinimumVisualStudioVersion = 10.0.40219.1
Project("{FAE04EC0-301F-11D3-BF4B-00C04F79EFBC}") = "ConsoleApp1", "ConsoleApp1.csproj", "{B15A2A65-0E70-4547-BB80-C79AF1D534A1}"
EndProject
Global
	GlobalSection(SolutionConfigurationPlatforms) = preSolution
		Debug|Any CPU = Debug|Any CPU
		Release|Any CPU = Release|Any CPU
	EndGlobalSection
	GlobalSection(ProjectConfigurationPlatforms) = postSolution
		{B15A2A65-0E70-4547-BB80-C79AF1D534A1}.Debug|Any CPU.ActiveCfg = Debug|Any CPU
		{B15A2A65-0E70-4547-BB80-C79AF1D534A1}.Debug|Any CPU.Build.0 = Debug|Any CPU
		{B15A2A65-0E70-4547-BB80-C79AF1D534A1}.Release|Any CPU.ActiveCfg = Release|Any CPU
		{B15A2A65-0E70-4547-BB80-C79AF1D534A1}.Release|Any CPU.Build.0 = Release|Any CPU
	EndGlobalSection
	GlobalSection(SolutionProperties) = preSolution
		HideSolutionNode = FALSE
	EndGlobalSection
	GlobalSection(ExtensibilityGlobals) = postSolution
		SolutionGuid = {A0B9DED5-716A-4AAF-8A5F-D64A18ED8A22}
	EndGlobalSection
EndGlobal
