
Microsoft Visual Studio Solution File, Format Version 12.00
# Visual Studio Version 17
VisualStudioVersion = 17.14.36310.24 d17.14
MinimumVisualStudioVersion = 10.0.40219.1
Project("{FAE04EC0-301F-11D3-BF4B-00C04F79EFBC}") = "SearchEngineApp", "SearchEngineApp.csproj", "{5B54EC9D-D4E0-4241-B34D-77CCD48A9E50}"
EndProject
Global
	GlobalSection(SolutionConfigurationPlatforms) = preSolution
		Debug|Any CPU = Debug|Any CPU
		Release|Any CPU = Release|Any CPU
	EndGlobalSection
	GlobalSection(ProjectConfigurationPlatforms) = postSolution
		{5B54EC9D-D4E0-4241-B34D-77CCD48A9E50}.Debug|Any CPU.ActiveCfg = Debug|Any CPU
		{5B54EC9D-D4E0-4241-B34D-77CCD48A9E50}.Debug|Any CPU.Build.0 = Debug|Any CPU
		{5B54EC9D-D4E0-4241-B34D-77CCD48A9E50}.Release|Any CPU.ActiveCfg = Release|Any CPU
		{5B54EC9D-D4E0-4241-B34D-77CCD48A9E50}.Release|Any CPU.Build.0 = Release|Any CPU
	EndGlobalSection
	GlobalSection(SolutionProperties) = preSolution
		HideSolutionNode = FALSE
	EndGlobalSection
	GlobalSection(ExtensibilityGlobals) = postSolution
		SolutionGuid = {FFAAF614-0CD4-4C36-A458-65E6371EA6B6}
	EndGlobalSection
EndGlobal
